
Microsoft Visual Studio Solution File, Format Version 12.00
# Visual Studio Version 17
VisualStudioVersion = 17.11.35222.181
MinimumVisualStudioVersion = 10.0.40219.1
Project("{FAE04EC0-301F-11D3-BF4B-00C04F79EFBC}") = "MVCSemana10B", "MVCSemana10B\MVCSemana10B.csproj", "{335B680A-E087-4946-BD89-2F2DD27CC582}"
EndProject
Global
	GlobalSection(SolutionConfigurationPlatforms) = preSolution
		Debug|Any CPU = Debug|Any CPU
		Release|Any CPU = Release|Any CPU
	EndGlobalSection
	GlobalSection(ProjectConfigurationPlatforms) = postSolution
		{335B680A-E087-4946-BD89-2F2DD27CC582}.Debug|Any CPU.ActiveCfg = Debug|Any CPU
		{335B680A-E087-4946-BD89-2F2DD27CC582}.Debug|Any CPU.Build.0 = Debug|Any CPU
		{335B680A-E087-4946-BD89-2F2DD27CC582}.Release|Any CPU.ActiveCfg = Release|Any CPU
		{335B680A-E087-4946-BD89-2F2DD27CC582}.Release|Any CPU.Build.0 = Release|Any CPU
	EndGlobalSection
	GlobalSection(SolutionProperties) = preSolution
		HideSolutionNode = FALSE
	EndGlobalSection
	GlobalSection(ExtensibilityGlobals) = postSolution
		SolutionGuid = {E8EC1B03-ABAD-4A56-A800-525A13EC3D06}
	EndGlobalSection
EndGlobal
